{
    "_readme": [
        "This file locks the dependencies of your project to a known state",
        "Read more about it at https://getcomposer.org/doc/01-basic-usage.md#composer-lock-the-lock-file",
        "This file is @generated automatically"
    ],
    "hash": "a5d8183e675c37e63318fbd17bfdde72",
    "content-hash": "2d119f8418af412bee11c8dfd63b663d",
    "packages": [
        {
            "name": "echowine/database",
            "version": "dev-master",
            "source": {
                "type": "git",
                "url": "https://github.com/EchoWine/DataBase.git",
                "reference": "f5ea8a1951715aa52ffbb0da2cbcbf2c41775ba2"
            },
            "dist": {
                "type": "zip",
                "url": "https://api.github.com/repos/EchoWine/DataBase/zipball/f5ea8a1951715aa52ffbb0da2cbcbf2c41775ba2",
                "reference": "f5ea8a1951715aa52ffbb0da2cbcbf2c41775ba2",
                "shasum": ""
            },
            "type": "library",
            "autoload": {
                "psr-4": {
                    "CoreWine\\DataBase\\": "src/"
                }
            },
            "notification-url": "https://packagist.org/downloads/",
            "time": "2016-09-16 23:08:28"
        },
        {
            "name": "echowine/http",
            "version": "dev-master",
            "source": {
                "type": "git",
                "url": "https://github.com/EchoWine/Http.git",
                "reference": "6a1486a61669019949e16d696d3d2874a83c8fa4"
            },
            "dist": {
                "type": "zip",
                "url": "https://api.github.com/repos/EchoWine/Http/zipball/6a1486a61669019949e16d696d3d2874a83c8fa4",
                "reference": "6a1486a61669019949e16d696d3d2874a83c8fa4",
                "shasum": ""
            },
            "type": "library",
            "autoload": {
                "psr-4": {
                    "CoreWine\\Http\\": "src/"
                }
            },
            "notification-url": "https://packagist.org/downloads/",
            "time": "2016-09-16 22:32:58"
        },
        {
            "name": "echowine/view",
            "version": "dev-master",
            "source": {
                "type": "git",
                "url": "https://github.com/EchoWine/View.git",
                "reference": "0c62c01d6675b194225c05d6a1cb7fe9367ceb90"
            },
            "dist": {
                "type": "zip",
                "url": "https://api.github.com/repos/EchoWine/View/zipball/0c62c01d6675b194225c05d6a1cb7fe9367ceb90",
                "reference": "0c62c01d6675b194225c05d6a1cb7fe9367ceb90",
                "shasum": ""
            },
            "type": "library",
            "autoload": {
                "psr-4": {
                    "CoreWine\\View\\": "src/"
                }
            },
            "notification-url": "https://packagist.org/downloads/",
            "time": "2016-09-17 21:58:53"
        }
    ],
    "packages-dev": [],
    "aliases": [],
    "minimum-stability": "dev",
    "stability-flags": {
        "echowine/http": 20,
        "echowine/database": 20,
        "echowine/view": 20
    },
    "prefer-stable": false,
    "prefer-lowest": false,
    "platform": [],
    "platform-dev": []
}
